
Microsoft Visual Studio Solution File, Format Version 12.00
# Visual Studio 2013
VisualStudioVersion = 12.0.31101.0
MinimumVisualStudioVersion = 10.0.40219.1
Project("{8BC9CEB8-8B4A-11D0-8D11-00A0C91BC942}") = "BadgerSim", "BadgerSim\BadgerSim.vcxproj", "{02C3EC59-6F4E-41BC-AA07-DDB10A787A67}"
	ProjectSection(ProjectDependencies) = postProject
		{454DDF9B-7D95-4A11-A63E-67892D6FE22E} = {454DDF9B-7D95-4A11-A63E-67892D6FE22E}
	EndProjectSection
EndProject
Project("{8BC9CEB8-8B4A-11D0-8D11-00A0C91BC942}") = "pugixml", "pugixml\pugixml.vcxproj", "{454DDF9B-7D95-4A11-A63E-67892D6FE22E}"
EndProject
Global
	GlobalSection(SolutionConfigurationPlatforms) = preSolution
		Debug|Win32 = Debug|Win32
		Release|Win32 = Release|Win32
	EndGlobalSection
	GlobalSection(ProjectConfigurationPlatforms) = postSolution
		{02C3EC59-6F4E-41BC-AA07-DDB10A787A67}.Debug|Win32.ActiveCfg = Debug|Win32
		{02C3EC59-6F4E-41BC-AA07-DDB10A787A67}.Debug|Win32.Build.0 = Debug|Win32
		{02C3EC59-6F4E-41BC-AA07-DDB10A787A67}.Release|Win32.ActiveCfg = Release|Win32
		{02C3EC59-6F4E-41BC-AA07-DDB10A787A67}.Release|Win32.Build.0 = Release|Win32
		{454DDF9B-7D95-4A11-A63E-67892D6FE22E}.Debug|Win32.ActiveCfg = Debug|Win32
		{454DDF9B-7D95-4A11-A63E-67892D6FE22E}.Debug|Win32.Build.0 = Debug|Win32
		{454DDF9B-7D95-4A11-A63E-67892D6FE22E}.Release|Win32.ActiveCfg = Release|Win32
		{454DDF9B-7D95-4A11-A63E-67892D6FE22E}.Release|Win32.Build.0 = Release|Win32
	EndGlobalSection
	GlobalSection(SolutionProperties) = preSolution
		HideSolutionNode = FALSE
	EndGlobalSection
EndGlobal
